
Microsoft Visual Studio Solution File, Format Version 12.00
# Visual Studio Version 16
VisualStudioVersion = 16.0.809.6
MinimumVisualStudioVersion = 10.0.40219.1
Project("{FAE04EC0-301F-11D3-BF4B-00C04F79EFBC}") = "BillingService", "BillingService\BillingService.csproj", "{1D8AEAD7-7F90-41E8-8D14-B0EFD0367C61}"
EndProject
Project("{FAE04EC0-301F-11D3-BF4B-00C04F79EFBC}") = "BillingServiceTests", "BillingServiceTests\BillingServiceTests.csproj", "{3153A478-F243-4876-B820-9B15C766BFAC}"
EndProject
Global
	GlobalSection(SolutionConfigurationPlatforms) = preSolution
		Debug|Any CPU = Debug|Any CPU
		Release|Any CPU = Release|Any CPU
	EndGlobalSection
	GlobalSection(ProjectConfigurationPlatforms) = postSolution
		{1D8AEAD7-7F90-41E8-8D14-B0EFD0367C61}.Debug|Any CPU.ActiveCfg = Debug|Any CPU
		{1D8AEAD7-7F90-41E8-8D14-B0EFD0367C61}.Debug|Any CPU.Build.0 = Debug|Any CPU
		{1D8AEAD7-7F90-41E8-8D14-B0EFD0367C61}.Release|Any CPU.ActiveCfg = Release|Any CPU
		{1D8AEAD7-7F90-41E8-8D14-B0EFD0367C61}.Release|Any CPU.Build.0 = Release|Any CPU
		{3153A478-F243-4876-B820-9B15C766BFAC}.Debug|Any CPU.ActiveCfg = Debug|Any CPU
		{3153A478-F243-4876-B820-9B15C766BFAC}.Debug|Any CPU.Build.0 = Debug|Any CPU
		{3153A478-F243-4876-B820-9B15C766BFAC}.Release|Any CPU.ActiveCfg = Release|Any CPU
		{3153A478-F243-4876-B820-9B15C766BFAC}.Release|Any CPU.Build.0 = Release|Any CPU
	EndGlobalSection
	GlobalSection(SolutionProperties) = preSolution
		HideSolutionNode = FALSE
	EndGlobalSection
	GlobalSection(ExtensibilityGlobals) = postSolution
		SolutionGuid = {739BABA9-516D-48B0-B98D-DAB2B3006ED3}
	EndGlobalSection
EndGlobal
